
Microsoft Visual Studio Solution File, Format Version 12.00
# Visual Studio 15
VisualStudioVersion = 15.0.28307.489
MinimumVisualStudioVersion = 10.0.40219.1
Project("{FAE04EC0-301F-11D3-BF4B-00C04F79EFBC}") = "ProiectBDStudent", "ProiectBDStudent\ProiectBDStudent.csproj", "{9122BD6C-A955-473B-B8ED-6F98A1569303}"
EndProject
Global
	GlobalSection(SolutionConfigurationPlatforms) = preSolution
		Debug|Any CPU = Debug|Any CPU
		Release|Any CPU = Release|Any CPU
	EndGlobalSection
	GlobalSection(ProjectConfigurationPlatforms) = postSolution
		{9122BD6C-A955-473B-B8ED-6F98A1569303}.Debug|Any CPU.ActiveCfg = Debug|Any CPU
		{9122BD6C-A955-473B-B8ED-6F98A1569303}.Debug|Any CPU.Build.0 = Debug|Any CPU
		{9122BD6C-A955-473B-B8ED-6F98A1569303}.Release|Any CPU.ActiveCfg = Release|Any CPU
		{9122BD6C-A955-473B-B8ED-6F98A1569303}.Release|Any CPU.Build.0 = Release|Any CPU
	EndGlobalSection
	GlobalSection(SolutionProperties) = preSolution
		HideSolutionNode = FALSE
	EndGlobalSection
	GlobalSection(ExtensibilityGlobals) = postSolution
		SolutionGuid = {6BECEDE8-AD03-44F7-9A63-C2FDDBAE3062}
	EndGlobalSection
EndGlobal
